# This file is automatically @generated by Cargo.
# It is not intended for manual editing.
version = 4

[[package]]
name = "concurrency"
version = "0.1.0"
dependencies = [
 "message-passing",
 "shared-state",
 "threads",
]

[[package]]
name = "message-passing"
version = "0.1.0"

[[package]]
name = "shared-state"
version = "0.1.0"

[[package]]
name = "threads"
version = "0.1.0"
